
Microsoft Visual Studio Solution File, Format Version 12.00
# Visual Studio Version 17
VisualStudioVersion = 17.7.34031.279
MinimumVisualStudioVersion = 10.0.40219.1
Project("{FAE04EC0-301F-11D3-BF4B-00C04F79EFBC}") = "Assignment8-ExceptionHandling", "Assignment8-ExceptionHandlind-FileHandling\Assignment8-ExceptionHandling.csproj", "{AFAE079E-3E46-42D1-886D-B7DE4E768D95}"
	ProjectSection(ProjectDependencies) = postProject
		{62FEDE4B-9989-4ECD-BFD6-C140AD75CF29} = {62FEDE4B-9989-4ECD-BFD6-C140AD75CF29}
	EndProjectSection
EndProject
Project("{FAE04EC0-301F-11D3-BF4B-00C04F79EFBC}") = "Eception_File_Handling", "Eception_File_Handling\Eception_File_Handling.csproj", "{62FEDE4B-9989-4ECD-BFD6-C140AD75CF29}"
EndProject
Global
	GlobalSection(SolutionConfigurationPlatforms) = preSolution
		Debug|Any CPU = Debug|Any CPU
		Release|Any CPU = Release|Any CPU
	EndGlobalSection
	GlobalSection(ProjectConfigurationPlatforms) = postSolution
		{AFAE079E-3E46-42D1-886D-B7DE4E768D95}.Debug|Any CPU.ActiveCfg = Debug|Any CPU
		{AFAE079E-3E46-42D1-886D-B7DE4E768D95}.Debug|Any CPU.Build.0 = Debug|Any CPU
		{AFAE079E-3E46-42D1-886D-B7DE4E768D95}.Release|Any CPU.ActiveCfg = Release|Any CPU
		{AFAE079E-3E46-42D1-886D-B7DE4E768D95}.Release|Any CPU.Build.0 = Release|Any CPU
		{62FEDE4B-9989-4ECD-BFD6-C140AD75CF29}.Debug|Any CPU.ActiveCfg = Debug|Any CPU
		{62FEDE4B-9989-4ECD-BFD6-C140AD75CF29}.Debug|Any CPU.Build.0 = Debug|Any CPU
		{62FEDE4B-9989-4ECD-BFD6-C140AD75CF29}.Release|Any CPU.ActiveCfg = Release|Any CPU
		{62FEDE4B-9989-4ECD-BFD6-C140AD75CF29}.Release|Any CPU.Build.0 = Release|Any CPU
	EndGlobalSection
	GlobalSection(SolutionProperties) = preSolution
		HideSolutionNode = FALSE
	EndGlobalSection
	GlobalSection(ExtensibilityGlobals) = postSolution
		SolutionGuid = {6A465526-8FB6-4348-ADF6-E2571BCE835F}
	EndGlobalSection
EndGlobal
